
Microsoft Visual Studio Solution File, Format Version 12.00
# Visual Studio Version 16
VisualStudioVersion = 16.0.29728.190
MinimumVisualStudioVersion = 10.0.40219.1
Project("{9A19103F-16F7-4668-BE54-9A1E7A4F7556}") = "BookAPI", "BookAPI.csproj", "{ECDDB260-0F6B-42E3-A4A0-1DAE885D8876}"
EndProject
Project("{9A19103F-16F7-4668-BE54-9A1E7A4F7556}") = "DAL", "..\..\Data Access\DAL\DAL.csproj", "{8FBF1E65-C2B2-4392-9D08-99B7393BCD25}"
EndProject
Project("{FAE04EC0-301F-11D3-BF4B-00C04F79EFBC}") = "BooksAPITests", "..\BooksAPITests\BooksAPITests.csproj", "{F3D03D4F-71FD-437A-A8FB-0909E8B456C3}"
EndProject
Global
	GlobalSection(SolutionConfigurationPlatforms) = preSolution
		Debug|Any CPU = Debug|Any CPU
		Release|Any CPU = Release|Any CPU
	EndGlobalSection
	GlobalSection(ProjectConfigurationPlatforms) = postSolution
		{ECDDB260-0F6B-42E3-A4A0-1DAE885D8876}.Debug|Any CPU.ActiveCfg = Debug|Any CPU
		{ECDDB260-0F6B-42E3-A4A0-1DAE885D8876}.Debug|Any CPU.Build.0 = Debug|Any CPU
		{ECDDB260-0F6B-42E3-A4A0-1DAE885D8876}.Release|Any CPU.ActiveCfg = Release|Any CPU
		{ECDDB260-0F6B-42E3-A4A0-1DAE885D8876}.Release|Any CPU.Build.0 = Release|Any CPU
		{8FBF1E65-C2B2-4392-9D08-99B7393BCD25}.Debug|Any CPU.ActiveCfg = Debug|Any CPU
		{8FBF1E65-C2B2-4392-9D08-99B7393BCD25}.Debug|Any CPU.Build.0 = Debug|Any CPU
		{8FBF1E65-C2B2-4392-9D08-99B7393BCD25}.Release|Any CPU.ActiveCfg = Release|Any CPU
		{8FBF1E65-C2B2-4392-9D08-99B7393BCD25}.Release|Any CPU.Build.0 = Release|Any CPU
		{F3D03D4F-71FD-437A-A8FB-0909E8B456C3}.Debug|Any CPU.ActiveCfg = Debug|Any CPU
		{F3D03D4F-71FD-437A-A8FB-0909E8B456C3}.Debug|Any CPU.Build.0 = Debug|Any CPU
		{F3D03D4F-71FD-437A-A8FB-0909E8B456C3}.Release|Any CPU.ActiveCfg = Release|Any CPU
		{F3D03D4F-71FD-437A-A8FB-0909E8B456C3}.Release|Any CPU.Build.0 = Release|Any CPU
	EndGlobalSection
	GlobalSection(SolutionProperties) = preSolution
		HideSolutionNode = FALSE
	EndGlobalSection
	GlobalSection(ExtensibilityGlobals) = postSolution
		SolutionGuid = {2045090F-31EA-4454-8F1B-1164391C13C9}
	EndGlobalSection
EndGlobal
